// !$*UTF8*$!
{
	archiveVersion = 1;
	classes = {
	};
	objectVersion = 46;
	objects = {

/* Begin PBXBuildFile section */
		A27322F21EBB674700A3EB82 /* AppDelegate.swift in Sources */ = {isa = PBXBuildFile; fileRef = A27322F11EBB674700A3EB82 /* AppDelegate.swift */; };
		A27322F41EBB674700A3EB82 /* ViewController.swift in Sources */ = {isa = PBXBuildFile; fileRef = A27322F31EBB674700A3EB82 /* ViewController.swift */; };
		A27322F71EBB674700A3EB82 /* Main.storyboard in Resources */ = {isa = PBXBuildFile; fileRef = A27322F51EBB674700A3EB82 /* Main.storyboard */; };
		A27322F91EBB674700A3EB82 /* Assets.xcassets in Resources */ = {isa = PBXBuildFile; fileRef = A27322F81EBB674700A3EB82 /* Assets.xcassets */; };
		A27322FC1EBB674700A3EB82 /* LaunchScreen.storyboard in Resources */ = {isa = PBXBuildFile; fileRef = A27322FA1EBB674700A3EB82 /* LaunchScreen.storyboard */; };
		A286E5131EBC86DD00C65D4B /* MXPressButton.swift in Sources */ = {isa = PBXBuildFile; fileRef = A286E5121EBC86DD00C65D4B /* MXPressButton.swift */; };
/* End PBXBuildFile section */

/* Begin PBXFileReference section */
		A27322EE1EBB674700A3EB82 /* MXPressButtonDemo.app */ = {isa = PBXFileReference; explicitFileType = wrapper.application; includeInIndex = 0; path = MXPressButtonDemo.app; sourceTree = BUILT_PRODUCTS_DIR; };
		A27322F11EBB674700A3EB82 /* AppDelegate.swift */ = {isa = PBXFileReference; lastKnownFileType = sourcecode.swift; path = AppDelegate.swift; sourceTree = "<group>"; };
		A27322F31EBB674700A3EB82 /* ViewController.swift */ = {isa = PBXFileReference; lastKnownFileType = sourcecode.swift; path = ViewController.swift; sourceTree = "<group>"; };
		A27322F61EBB674700A3EB82 /* Base */ = {isa = PBXFileReference; lastKnownFileType = file.storyboard; name = Base; path = Base.lproj/Main.storyboard; sourceTree = "<group>"; };
		A27322F81EBB674700A3EB82 /* Assets.xcassets */ = {isa = PBXFileReference; lastKnownFileType = folder.assetcatalog; path = Assets.xcassets; sourceTree = "<group>"; };
		A27322FB1EBB674700A3EB82 /* Base */ = {isa = PBXFileReference; lastKnownFileType = file.storyboard; name = Base; path = Base.lproj/LaunchScreen.storyboard; sourceTree = "<group>"; };
		A27322FD1EBB674700A3EB82 /* Info.plist */ = {isa = PBXFileReference; lastKnownFileType = text.plist.xml; path = Info.plist; sourceTree = "<group>"; };
		A286E5121EBC86DD00C65D4B /* MXPressButton.swift */ = {isa = PBXFileReference; fileEncoding = 4; lastKnownFileType = sourcecode.swift; path = MXPressButton.swift; sourceTree = "<group>"; };
/* End PBXFileReference section */

/* Begin PBXFrameworksBuildPhase section */
		A27322EB1EBB674700A3EB82 /* Frameworks */ = {
			isa = PBXFrameworksBuildPhase;
			buildActionMask = 2147483647;
			files = (
			);
			runOnlyForDeploymentPostprocessing = 0;
		};
/* End PBXFrameworksBuildPhase section */

/* Begin PBXGroup section */
		A27322E51EBB674700A3EB82 = {
			isa = PBXGroup;
			children = (
				A27322F01EBB674700A3EB82 /* MXPressButtonDemo */,
				A27322EF1EBB674700A3EB82 /* Products */,
			);
			sourceTree = "<group>";
		};
		A27322EF1EBB674700A3EB82 /* Products */ = {
			isa = PBXGroup;
			children = (
				A27322EE1EBB674700A3EB82 /* MXPressButtonDemo.app */,
			);
			name = Products;
			sourceTree = "<group>";
		};
		A27322F01EBB674700A3EB82 /* MXPressButtonDemo */ = {
			isa = PBXGroup;
			children = (
				A27322F11EBB674700A3EB82 /* AppDelegate.swift */,
				A27322F31EBB674700A3EB82 /* ViewController.swift */,
				A27322F51EBB674700A3EB82 /* Main.storyboard */,
				A27322F81EBB674700A3EB82 /* Assets.xcassets */,
				A27322FA1EBB674700A3EB82 /* LaunchScreen.storyboard */,
				A27322FD1EBB674700A3EB82 /* Info.plist */,
				A286E5121EBC86DD00C65D4B /* MXPressButton.swift */,
			);
			path = MXPressButtonDemo;
			sourceTree = "<group>";
		};
/* End PBXGroup section */

/* Begin PBXNativeTarget section */
		A27322ED1EBB674700A3EB82 /* MXPressButtonDemo */ = {
			isa = PBXNativeTarget;
			buildConfigurationList = A27323001EBB674700A3EB82 /* Build configuration list for PBXNativeTarget "MXPressButtonDemo" */;
			buildPhases = (
				A27322EA1EBB674700A3EB82 /* Sources */,
				A27322EB1EBB674700A3EB82 /* Frameworks */,
				A27322EC1EBB674700A3EB82 /* Resources */,
			);
			buildRules = (
			);
			dependencies = (
			);
			name = MXPressButtonDemo;
			productName = MXPressButtonDemo;
			productReference = A27322EE1EBB674700A3EB82 /* MXPressButtonDemo.app */;
			productType = "com.apple.product-type.application";
		};
/* End PBXNativeTarget section */

/* Begin PBXProject section */
		A27322E61EBB674700A3EB82 /* Project object */ = {
			isa = PBXProject;
			attributes = {
				LastSwiftUpdateCheck = 0830;
				LastUpgradeCheck = 0830;
				ORGANIZATIONNAME = wintface.com;
				TargetAttributes = {
					A27322ED1EBB674700A3EB82 = {
						CreatedOnToolsVersion = 8.3.2;
						DevelopmentTeam = 7JWFU9Z8ZQ;
						ProvisioningStyle = Automatic;
					};
				};
			};
			buildConfigurationList = A27322E91EBB674700A3EB82 /* Build configuration list for PBXProject "MXPressButtonDemo" */;
			compatibilityVersion = "Xcode 3.2";
			developmentRegion = English;
			hasScannedForEncodings = 0;
			knownRegions = (
				en,
				Base,
			);
			mainGroup = A27322E51EBB674700A3EB82;
			productRefGroup = A27322EF1EBB674700A3EB82 /* Products */;
			projectDirPath = "";
			projectRoot = "";
			targets = (
				A27322ED1EBB674700A3EB82 /* MXPressButtonDemo */,
			);
		};
/* End PBXProject section */

/* Begin PBXResourcesBuildPhase section */
		A27322EC1EBB674700A3EB82 /* Resources */ = {
			isa = PBXResourcesBuildPhase;
			buildActionMask = 2147483647;
			files = (
				A27322FC1EBB674700A3EB82 /* LaunchScreen.storyboard in Resources */,
				A27322F91EBB674700A3EB82 /* Assets.xcassets in Resources */,
				A27322F71EBB674700A3EB82 /* Main.storyboard in Resources */,
			);
			runOnlyForDeploymentPostprocessing = 0;
		};
/* End PBXResourcesBuildPhase section */

/* Begin PBXSourcesBuildPhase section */
		A27322EA1EBB674700A3EB82 /* Sources */ = {
			isa = PBXSourcesBuildPhase;
			buildActionMask = 2147483647;
			files = (
				A27322F41EBB674700A3EB82 /* ViewController.swift in Sources */,
				A286E5131EBC86DD00C65D4B /* MXPressButton.swift in Sources */,
				A27322F21EBB674700A3EB82 /* AppDelegate.swift in Sources */,
			);
			runOnlyForDeploymentPostprocessing = 0;
		};
/* End PBXSourcesBuildPhase section */

/* Begin PBXVariantGroup section */
		A27322F51EBB674700A3EB82 /* Main.storyboard */ = {
			isa = PBXVariantGroup;
			children = (
				A27322F61EBB674700A3EB82 /* Base */,
			);
			name = Main.storyboard;
			sourceTree = "<group>";
		};
		A27322FA1EBB674700A3EB82 /* LaunchScreen.storyboard */ = {
			isa = PBXVariantGroup;
			children = (
				A27322FB1EBB674700A3EB82 /* Base */,
			);
			name = LaunchScreen.storyboard;
			sourceTree = "<group>";
		};
/* End PBXVariantGroup section */

/* Begin XCBuildConfiguration section */
		A27322FE1EBB674700A3EB82 /* Debug */ = {
			isa = XCBuildConfiguration;
			buildSettings = {
				ALWAYS_SEARCH_USER_PATHS = NO;
				CLANG_ANALYZER_NONNULL = YES;
				CLANG_ANALYZER_NUMBER_OBJECT_CONVERSION = YES_AGGRESSIVE;
				CLANG_CXX_LANGUAGE_STANDARD = "gnu++0x";
				CLANG_CXX_LIBRARY = "libc++";
				CLANG_ENABLE_MODULES = YES;
				CLANG_ENABLE_OBJC_ARC = YES;
				CLANG_WARN_BOOL_CONVERSION = YES;
				CLANG_WARN_CONSTANT_CONVERSION = YES;
				CLANG_WARN_DIRECT_OBJC_ISA_USAGE = YES_ERROR;
				CLANG_WARN_DOCUMENTATION_COMMENTS = YES;
				CLANG_WARN_EMPTY_BODY = YES;
				CLANG_WARN_ENUM_CONVERSION = YES;
				CLANG_WARN_INFINITE_RECURSION = YES;
				CLANG_WARN_INT_CONVERSION = YES;
				CLANG_WARN_OBJC_ROOT_CLASS = YES_ERROR;
				CLANG_WARN_SUSPICIOUS_MOVE = YES;
				CLANG_WARN_UNREACHABLE_CODE = YES;
				CLANG_WARN__DUPLICATE_METHOD_MATCH = YES;
				"CODE_SIGN_IDENTITY[sdk=iphoneos*]" = "iPhone Developer";
				COPY_PHASE_STRIP = NO;
				DEBUG_INFORMATION_FORMAT = dwarf;
				ENABLE_STRICT_OBJC_MSGSEND = YES;
				ENABLE_TESTABILITY = YES;
				GCC_C_LANGUAGE_STANDARD = gnu99;
				GCC_DYNAMIC_NO_PIC = NO;
				GCC_NO_COMMON_BLOCKS = YES;
				GCC_OPTIMIZATION_LEVEL = 0;
				GCC_PREPROCESSOR_DEFINITIONS = (
					"DEBUG=1",
					"$(inherited)",
				);
				GCC_WARN_64_TO_32_BIT_CONVERSION = YES;
				GCC_WARN_ABOUT_RETURN_TYPE = YES_ERROR;
				GCC_WARN_UNDECLARED_SELECTOR = YES;
				GCC_WARN_UNINITIALIZED_AUTOS = YES_AGGRESSIVE;
				GCC_WARN_UNUSED_FUNCTION = YES;
				GCC_WARN_UNUSED_VARIABLE = YES;
				IPHONEOS_DEPLOYMENT_TARGET = 10.3;
				MTL_ENABLE_DEBUG_INFO = YES;
				ONLY_ACTIVE_ARCH = YES;
				SDKROOT = iphoneos;
				SWIFT_ACTIVE_COMPILATION_CONDITIONS = DEBUG;
				SWIFT_OPTIMIZATION_LEVEL = "-Onone";
			};
			name = Debug;
		};
		A27322FF1EBB674700A3EB82 /* Release */ = {
			isa = XCBuildConfiguration;
			buildSettings = {
				ALWAYS_SEARCH_USER_PATHS = NO;
				CLANG_ANALYZER_NONNULL = YES;
				CLANG_ANALYZER_NUMBER_OBJECT_CONVERSION = YES_AGGRESSIVE;
				CLANG_CXX_LANGUAGE_STANDARD = "gnu++0x";
				CLANG_CXX_LIBRARY = "libc++";
				CLANG_ENABLE_MODULES = YES;
				CLANG_ENABLE_OBJC_ARC = YES;
				CLANG_WARN_BOOL_CONVERSION = YES;
				CLANG_WARN_CONSTANT_CONVERSION = YES;
				CLANG_WARN_DIRECT_OBJC_ISA_USAGE = YES_ERROR;
				CLANG_WARN_DOCUMENTATION_COMMENTS = YES;
				CLANG_WARN_EMPTY_BODY = YES;
				CLANG_WARN_ENUM_CONVERSION = YES;
				CLANG_WARN_INFINITE_RECURSION = YES;
				CLANG_WARN_INT_CONVERSION = YES;
				CLANG_WARN_OBJC_ROOT_CLASS = YES_ERROR;
				CLANG_WARN_SUSPICIOUS_MOVE = YES;
				CLANG_WARN_UNREACHABLE_CODE = YES;
				CLANG_WARN__DUPLICATE_METHOD_MATCH = YES;
				"CODE_SIGN_IDENTITY[sdk=iphoneos*]" = "iPhone Developer";
				COPY_PHASE_STRIP = NO;
				DEBUG_INFORMATION_FORMAT = "dwarf-with-dsym";
				ENABLE_NS_ASSERTIONS = NO;
				ENABLE_STRICT_OBJC_MSGSEND = YES;
				GCC_C_LANGUAGE_STANDARD = gnu99;
				GCC_NO_COMMON_BLOCKS = YES;
				GCC_WARN_64_TO_32_BIT_CONVERSION = YES;
				GCC_WARN_ABOUT_RETURN_TYPE = YES_ERROR;
				GCC_WARN_UNDECLARED_SELECTOR = YES;
				GCC_WARN_UNINITIALIZED_AUTOS = YES_AGGRESSIVE;
				GCC_WARN_UNUSED_FUNCTION = YES;
				GCC_WARN_UNUSED_VARIABLE = YES;
				IPHONEOS_DEPLOYMENT_TARGET = 10.3;
				MTL_ENABLE_DEBUG_INFO = NO;
				SDKROOT = iphoneos;
				SWIFT_OPTIMIZATION_LEVEL = "-Owholemodule";
				VALIDATE_PRODUCT = YES;
			};
			name = Release;
		};
		A27323011EBB674700A3EB82 /* Debug */ = {
			isa = XCBuildConfiguration;
			buildSettings = {
				ASSETCATALOG_COMPILER_APPICON_NAME = AppIcon;
				DEVELOPMENT_TEAM = 7JWFU9Z8ZQ;
				INFOPLIST_FILE = MXPressButtonDemo/Info.plist;
				LD_RUNPATH_SEARCH_PATHS = "$(inherited) @executable_path/Frameworks";
				PRODUCT_BUNDLE_IDENTIFIER = com.wintface.MXPressButtonDemo;
				PRODUCT_NAME = "$(TARGET_NAME)";
				SWIFT_VERSION = 3.0;
			};
			name = Debug;
		};
		A27323021EBB674700A3EB82 /* Release */ = {
			isa = XCBuildConfiguration;
			buildSettings = {
				ASSETCATALOG_COMPILER_APPICON_NAME = AppIcon;
				DEVELOPMENT_TEAM = 7JWFU9Z8ZQ;
				INFOPLIST_FILE = MXPressButtonDemo/Info.plist;
				LD_RUNPATH_SEARCH_PATHS = "$(inherited) @executable_path/Frameworks";
				PRODUCT_BUNDLE_IDENTIFIER = com.wintface.MXPressButtonDemo;
				PRODUCT_NAME = "$(TARGET_NAME)";
				SWIFT_VERSION = 3.0;
			};
			name = Release;
		};
/* End XCBuildConfiguration section */

/* Begin XCConfigurationList section */
		A27322E91EBB674700A3EB82 /* Build configuration list for PBXProject "MXPressButtonDemo" */ = {
			isa = XCConfigurationList;
			buildConfigurations = (
				A27322FE1EBB674700A3EB82 /* Debug */,
				A27322FF1EBB674700A3EB82 /* Release */,
			);
			defaultConfigurationIsVisible = 0;
			defaultConfigurationName = Release;
		};
		A27323001EBB674700A3EB82 /* Build configuration list for PBXNativeTarget "MXPressButtonDemo" */ = {
			isa = XCConfigurationList;
			buildConfigurations = (
				A27323011EBB674700A3EB82 /* Debug */,
				A27323021EBB674700A3EB82 /* Release */,
			);
			defaultConfigurationIsVisible = 0;
			defaultConfigurationName = Release;
		};
/* End XCConfigurationList section */
	};
	rootObject = A27322E61EBB674700A3EB82 /* Project object */;
}
